
Microsoft Visual Studio Solution File, Format Version 12.00
# Visual Studio 2012
Project("{FAE04EC0-301F-11D3-BF4B-00C04F79EFBC}") = "PaintDistribuidoCAO", "PaintDistribuidoCAO\PaintDistribuidoCAO.csproj", "{DE501CD8-110A-4F34-86E0-82FCFBE37ACA}"
EndProject
Project("{FAE04EC0-301F-11D3-BF4B-00C04F79EFBC}") = "BibliotecaPaint", "BibliotecaPaint\BibliotecaPaint.csproj", "{850B1B2F-8073-4344-824B-8A19FCEC38F6}"
EndProject
Project("{FAE04EC0-301F-11D3-BF4B-00C04F79EFBC}") = "Servidor", "Servidor\Servidor.csproj", "{C148CB68-6091-4AC5-8AF9-8DFBD9223EFE}"
EndProject
Global
	GlobalSection(SolutionConfigurationPlatforms) = preSolution
		Debug|Any CPU = Debug|Any CPU
		Release|Any CPU = Release|Any CPU
	EndGlobalSection
	GlobalSection(ProjectConfigurationPlatforms) = postSolution
		{DE501CD8-110A-4F34-86E0-82FCFBE37ACA}.Debug|Any CPU.ActiveCfg = Debug|Any CPU
		{DE501CD8-110A-4F34-86E0-82FCFBE37ACA}.Debug|Any CPU.Build.0 = Debug|Any CPU
		{DE501CD8-110A-4F34-86E0-82FCFBE37ACA}.Release|Any CPU.ActiveCfg = Release|Any CPU
		{DE501CD8-110A-4F34-86E0-82FCFBE37ACA}.Release|Any CPU.Build.0 = Release|Any CPU
		{850B1B2F-8073-4344-824B-8A19FCEC38F6}.Debug|Any CPU.ActiveCfg = Debug|Any CPU
		{850B1B2F-8073-4344-824B-8A19FCEC38F6}.Debug|Any CPU.Build.0 = Debug|Any CPU
		{850B1B2F-8073-4344-824B-8A19FCEC38F6}.Release|Any CPU.ActiveCfg = Release|Any CPU
		{850B1B2F-8073-4344-824B-8A19FCEC38F6}.Release|Any CPU.Build.0 = Release|Any CPU
		{C148CB68-6091-4AC5-8AF9-8DFBD9223EFE}.Debug|Any CPU.ActiveCfg = Debug|Any CPU
		{C148CB68-6091-4AC5-8AF9-8DFBD9223EFE}.Debug|Any CPU.Build.0 = Debug|Any CPU
		{C148CB68-6091-4AC5-8AF9-8DFBD9223EFE}.Release|Any CPU.ActiveCfg = Release|Any CPU
		{C148CB68-6091-4AC5-8AF9-8DFBD9223EFE}.Release|Any CPU.Build.0 = Release|Any CPU
	EndGlobalSection
	GlobalSection(SolutionProperties) = preSolution
		HideSolutionNode = FALSE
	EndGlobalSection
EndGlobal
